
Microsoft Visual Studio Solution File, Format Version 12.00
# Visual Studio 15
Project("{FAE04EC0-301F-11D3-BF4B-00C04F79EFBC}") = "CSharpPlayground", "CSharpPlayground\CSharpPlayground.csproj", "{AC17C77A-1FC4-42B1-AABC-75FFDAA5A215}"
EndProject
Global
	GlobalSection(SolutionConfigurationPlatforms) = preSolution
		Debug|anycpu = Debug|anycpu
		Release|anycpu = Release|anycpu
	EndGlobalSection
	GlobalSection(ProjectConfigurationPlatforms) = postSolution
		{AC17C77A-1FC4-42B1-AABC-75FFDAA5A215}.Debug|anycpu.ActiveCfg = Debug|anycpu
		{AC17C77A-1FC4-42B1-AABC-75FFDAA5A215}.Debug|anycpu.Build.0 = Debug|anycpu
		{AC17C77A-1FC4-42B1-AABC-75FFDAA5A215}.Release|anycpu.ActiveCfg = Release|anycpu
		{AC17C77A-1FC4-42B1-AABC-75FFDAA5A215}.Release|anycpu.Build.0 = Release|anycpu
	EndGlobalSection
EndGlobal
